// !$*UTF8*$!
{
	archiveVersion = 1;
	classes = {
	};
	objectVersion = 48;
	objects = {

/* Begin PBXBuildFile section */
		172274D420D933970036EA4E /* LocalizationGroup.swift in Sources */ = {isa = PBXBuildFile; fileRef = 172274D320D933970036EA4E /* LocalizationGroup.swift */; };
		377E9BF326FCB70D00F2BE73 /* AutoTranslator.swift in Sources */ = {isa = PBXBuildFile; fileRef = 377E9BF226FCB70D00F2BE73 /* AutoTranslator.swift */; };
		377E9BF626FCE5B400F2BE73 /* GoogleTranslator.swift in Sources */ = {isa = PBXBuildFile; fileRef = 377E9BF526FCE5B400F2BE73 /* GoogleTranslator.swift */; };
		377E9BF826FCE61400F2BE73 /* Translator.swift in Sources */ = {isa = PBXBuildFile; fileRef = 377E9BF726FCE61400F2BE73 /* Translator.swift */; };
		A117B6AD21D0FFC6008F10E4 /* LocalizableStrings-en-with-complete-messages.strings in Resources */ = {isa = PBXBuildFile; fileRef = A117B6AC21D0FFC0008F10E4 /* LocalizableStrings-en-with-complete-messages.strings */; };
		A117B6AF21D10060008F10E4 /* LocalizableStrings-en-with-incomplete-messages.strings in Resources */ = {isa = PBXBuildFile; fileRef = A117B6AE21D10060008F10E4 /* LocalizableStrings-en-with-incomplete-messages.strings */; };
		A15A5A4221D908C400D3C791 /* Parser.swift in Sources */ = {isa = PBXBuildFile; fileRef = A15A5A4121D908C400D3C791 /* Parser.swift */; };
		A15A5A4721D90AC600D3C791 /* ParserIsolationTests.swift in Sources */ = {isa = PBXBuildFile; fileRef = A15A5A4521D90AC600D3C791 /* ParserIsolationTests.swift */; };
		A15A5A4921DA249400D3C791 /* ParserTypes.swift in Sources */ = {isa = PBXBuildFile; fileRef = A15A5A4821DA249400D3C791 /* ParserTypes.swift */; };
		F31FA2072231025C00E20A3F /* Flag.swift in Sources */ = {isa = PBXBuildFile; fileRef = F31FA2062231025C00E20A3F /* Flag.swift */; };
		F3261F64222EA955006838C3 /* ActionsCell.swift in Sources */ = {isa = PBXBuildFile; fileRef = F3261F63222EA955006838C3 /* ActionsCell.swift */; };
		F3261F66222EA9BF006838C3 /* ActionsCell.xib in Resources */ = {isa = PBXBuildFile; fileRef = F3261F65222EA9BF006838C3 /* ActionsCell.xib */; };
		F3261F74222ED5FF006838C3 /* WindowController.swift in Sources */ = {isa = PBXBuildFile; fileRef = F3261F73222ED5FF006838C3 /* WindowController.swift */; };
		F3960617223A4084006C7B16 /* AddViewController.swift in Sources */ = {isa = PBXBuildFile; fileRef = F3960616223A4084006C7B16 /* AddViewController.swift */; };
		F396061E223A5B5A006C7B16 /* LocalizationProviderAddingTests.swift in Sources */ = {isa = PBXBuildFile; fileRef = F396061D223A5B5A006C7B16 /* LocalizationProviderAddingTests.swift */; };
		F3A5ABB8220448690077460D /* FileManager+Extension.swift in Sources */ = {isa = PBXBuildFile; fileRef = F3A5ABB7220448690077460D /* FileManager+Extension.swift */; };
		F3AD2CD4236190F400558765 /* NSView+Localization.swift in Sources */ = {isa = PBXBuildFile; fileRef = F3AD2CD3236190F400558765 /* NSView+Localization.swift */; };
		F3AD2CE32361A8CF00558765 /* Localizable.strings in Resources */ = {isa = PBXBuildFile; fileRef = F3AD2CE02361A8CF00558765 /* Localizable.strings */; };
		F3BF7E6A223A8AE10043F2CB /* Special.strings in Resources */ = {isa = PBXBuildFile; fileRef = F3BF7E69223A8AE10043F2CB /* Special.strings */; };
		F3C4FA7D222FBB9B00280EF4 /* LocalizationProviderDeletingTests.swift in Sources */ = {isa = PBXBuildFile; fileRef = F3C4FA7C222FBB9B00280EF4 /* LocalizationProviderDeletingTests.swift */; };
		F3C5BF252299529D001BC8FB /* Credits.rtf in Resources */ = {isa = PBXBuildFile; fileRef = F3C5BF242299529D001BC8FB /* Credits.rtf */; };
		F3D9C94620BEC7460081830A /* AppDelegate.swift in Sources */ = {isa = PBXBuildFile; fileRef = F3D9C94520BEC7460081830A /* AppDelegate.swift */; };
		F3D9C94820BEC7460081830A /* ViewController.swift in Sources */ = {isa = PBXBuildFile; fileRef = F3D9C94720BEC7460081830A /* ViewController.swift */; };
		F3D9C94A20BEC7460081830A /* Assets.xcassets in Resources */ = {isa = PBXBuildFile; fileRef = F3D9C94920BEC7460081830A /* Assets.xcassets */; };
		F3D9C94D20BEC7460081830A /* Main.storyboard in Resources */ = {isa = PBXBuildFile; fileRef = F3D9C94B20BEC7460081830A /* Main.storyboard */; };
		F3D9C95720BEC9F10081830A /* LocalizationString.swift in Sources */ = {isa = PBXBuildFile; fileRef = F3D9C95620BEC9F10081830A /* LocalizationString.swift */; };
		F3D9C95920BECA270081830A /* Localization.swift in Sources */ = {isa = PBXBuildFile; fileRef = F3D9C95820BECA270081830A /* Localization.swift */; };
		F3D9C95C20BECDBF0081830A /* LocalizationProvider.swift in Sources */ = {isa = PBXBuildFile; fileRef = F3D9C95B20BECDBF0081830A /* LocalizationProvider.swift */; };
		F3D9C96120BEDD0B0081830A /* LocalizationCell.swift in Sources */ = {isa = PBXBuildFile; fileRef = F3D9C96020BEDD0B0081830A /* LocalizationCell.swift */; };
		F3D9C96320BEDDE20081830A /* LocalizationCell.xib in Resources */ = {isa = PBXBuildFile; fileRef = F3D9C96220BEDDE20081830A /* LocalizationCell.xib */; };
		F3D9C96520BEDF580081830A /* KeyCell.xib in Resources */ = {isa = PBXBuildFile; fileRef = F3D9C96420BEDF580081830A /* KeyCell.xib */; };
		F3D9C96720BEDF640081830A /* KeyCell.swift in Sources */ = {isa = PBXBuildFile; fileRef = F3D9C96620BEDF640081830A /* KeyCell.swift */; };
		F3D9C96E20BEEAA10081830A /* LocalizationsDataSource.swift in Sources */ = {isa = PBXBuildFile; fileRef = F3D9C96D20BEEAA10081830A /* LocalizationsDataSource.swift */; };
		F3DF02CE21C65F6800CEC6B6 /* LocalizationProviderParsingTests.swift in Sources */ = {isa = PBXBuildFile; fileRef = F3DF02CD21C65F6800CEC6B6 /* LocalizationProviderParsingTests.swift */; };
		F3DF02E021C6633500CEC6B6 /* LocalizableStrings-en.strings in Resources */ = {isa = PBXBuildFile; fileRef = F3DF02DF21C6633500CEC6B6 /* LocalizableStrings-en.strings */; };
		F3DF02E221C6634B00CEC6B6 /* LocalizableStrings-sk.strings in Resources */ = {isa = PBXBuildFile; fileRef = F3DF02E121C6634B00CEC6B6 /* LocalizableStrings-sk.strings */; };
		F3DF02E421C6654900CEC6B6 /* TestFile.swift in Sources */ = {isa = PBXBuildFile; fileRef = F3DF02E321C6654900CEC6B6 /* TestFile.swift */; };
		F3DF02E621C6675000CEC6B6 /* LocalizableStrings-sk-missing.strings in Resources */ = {isa = PBXBuildFile; fileRef = F3DF02E521C6675000CEC6B6 /* LocalizableStrings-sk-missing.strings */; };
		F3DF02E821C668B600CEC6B6 /* InfoPList-en.strings in Resources */ = {isa = PBXBuildFile; fileRef = F3DF02E721C668B600CEC6B6 /* InfoPList-en.strings */; };
		F3DF02EA21C668C400CEC6B6 /* InfoPList-sk.strings in Resources */ = {isa = PBXBuildFile; fileRef = F3DF02E921C668C400CEC6B6 /* InfoPList-sk.strings */; };
		F3DF02EC21C66C1000CEC6B6 /* LoalizationProviderUpdatingTests.swift in Sources */ = {isa = PBXBuildFile; fileRef = F3DF02EB21C66C1000CEC6B6 /* LoalizationProviderUpdatingTests.swift */; };
		F3DF02EF21C66C3800CEC6B6 /* XCTestCase+Extensions.swift in Sources */ = {isa = PBXBuildFile; fileRef = F3DF02EE21C66C3800CEC6B6 /* XCTestCase+Extensions.swift */; };
		F3EF22072209D650000E8C80 /* String+Extensions.swift in Sources */ = {isa = PBXBuildFile; fileRef = F3EF22062209D650000E8C80 /* String+Extensions.swift */; };
/* End PBXBuildFile section */

/* Begin PBXContainerItemProxy section */
		F3DF02D021C65F6800CEC6B6 /* PBXContainerItemProxy */ = {
			isa = PBXContainerItemProxy;
			containerPortal = F3D9C93A20BEC7460081830A /* Project object */;
			proxyType = 1;
			remoteGlobalIDString = F3D9C94120BEC7460081830A;
			remoteInfo = LocalizationEditor;
		};
/* End PBXContainerItemProxy section */

/* Begin PBXCopyFilesBuildPhase section */
		F3D9C97520BEF0A50081830A /* Embed Frameworks */ = {
			isa = PBXCopyFilesBuildPhase;
			buildActionMask = 2147483647;
			dstPath = "";
			dstSubfolderSpec = 10;
			files = (
			);
			name = "Embed Frameworks";
			runOnlyForDeploymentPostprocessing = 0;
		};
		F3EA77C421AEB45000337B3B /* CopyFiles */ = {
			isa = PBXCopyFilesBuildPhase;
			buildActionMask = 2147483647;
			dstPath = "";
			dstSubfolderSpec = 16;
			files = (
			);
			runOnlyForDeploymentPostprocessing = 0;
		};
/* End PBXCopyFilesBuildPhase section */

/* Begin PBXFileReference section */
		172274D320D933970036EA4E /* LocalizationGroup.swift */ = {isa = PBXFileReference; fileEncoding = 4; lastKnownFileType = sourcecode.swift; path = LocalizationGroup.swift; sourceTree = "<group>"; };
		377E9BF226FCB70D00F2BE73 /* AutoTranslator.swift */ = {isa = PBXFileReference; lastKnownFileType = sourcecode.swift; path = AutoTranslator.swift; sourceTree = "<group>"; };
		377E9BF526FCE5B400F2BE73 /* GoogleTranslator.swift */ = {isa = PBXFileReference; lastKnownFileType = sourcecode.swift; path = GoogleTranslator.swift; sourceTree = "<group>"; };
		377E9BF726FCE61400F2BE73 /* Translator.swift */ = {isa = PBXFileReference; lastKnownFileType = sourcecode.swift; path = Translator.swift; sourceTree = "<group>"; };
		526D844525529105008BCD4B /* ru */ = {isa = PBXFileReference; lastKnownFileType = text.plist.strings; name = ru; path = ru.lproj/Localizable.strings; sourceTree = "<group>"; };
		A117B6AC21D0FFC0008F10E4 /* LocalizableStrings-en-with-complete-messages.strings */ = {isa = PBXFileReference; fileEncoding = 4; lastKnownFileType = text.plist.strings; path = "LocalizableStrings-en-with-complete-messages.strings"; sourceTree = "<group>"; };
		A117B6AE21D10060008F10E4 /* LocalizableStrings-en-with-incomplete-messages.strings */ = {isa = PBXFileReference; fileEncoding = 4; lastKnownFileType = text.plist.strings; path = "LocalizableStrings-en-with-incomplete-messages.strings"; sourceTree = "<group>"; };
		A15A5A4121D908C400D3C791 /* Parser.swift */ = {isa = PBXFileReference; fileEncoding = 4; lastKnownFileType = sourcecode.swift; path = Parser.swift; sourceTree = "<group>"; };
		A15A5A4521D90AC600D3C791 /* ParserIsolationTests.swift */ = {isa = PBXFileReference; lastKnownFileType = sourcecode.swift; path = ParserIsolationTests.swift; sourceTree = "<group>"; };
		A15A5A4821DA249400D3C791 /* ParserTypes.swift */ = {isa = PBXFileReference; lastKnownFileType = sourcecode.swift; path = ParserTypes.swift; sourceTree = "<group>"; };
		E0A395E526088744000189F7 /* zh-Hant */ = {isa = PBXFileReference; lastKnownFileType = text.plist.strings; name = "zh-Hant"; path = "zh-Hant.lproj/Localizable.strings"; sourceTree = "<group>"; };
		E9CD53DA255B27AD0054EF79 /* es */ = {isa = PBXFileReference; lastKnownFileType = text.plist.strings; name = es; path = es.lproj/Localizable.strings; sourceTree = "<group>"; };
		F31FA2062231025C00E20A3F /* Flag.swift */ = {isa = PBXFileReference; lastKnownFileType = sourcecode.swift; path = Flag.swift; sourceTree = "<group>"; };
		F3261F63222EA955006838C3 /* ActionsCell.swift */ = {isa = PBXFileReference; lastKnownFileType = sourcecode.swift; path = ActionsCell.swift; sourceTree = "<group>"; };
		F3261F65222EA9BF006838C3 /* ActionsCell.xib */ = {isa = PBXFileReference; lastKnownFileType = file.xib; path = ActionsCell.xib; sourceTree = "<group>"; };
		F3261F73222ED5FF006838C3 /* WindowController.swift */ = {isa = PBXFileReference; lastKnownFileType = sourcecode.swift; path = WindowController.swift; sourceTree = "<group>"; };
		F3960616223A4084006C7B16 /* AddViewController.swift */ = {isa = PBXFileReference; lastKnownFileType = sourcecode.swift; path = AddViewController.swift; sourceTree = "<group>"; };
		F396061D223A5B5A006C7B16 /* LocalizationProviderAddingTests.swift */ = {isa = PBXFileReference; lastKnownFileType = sourcecode.swift; path = LocalizationProviderAddingTests.swift; sourceTree = "<group>"; };
		F3A5ABB7220448690077460D /* FileManager+Extension.swift */ = {isa = PBXFileReference; lastKnownFileType = sourcecode.swift; path = "FileManager+Extension.swift"; sourceTree = "<group>"; };
		F3AD2CD3236190F400558765 /* NSView+Localization.swift */ = {isa = PBXFileReference; lastKnownFileType = sourcecode.swift; path = "NSView+Localization.swift"; sourceTree = "<group>"; };
		F3AD2CE12361A8CF00558765 /* zh-Hans */ = {isa = PBXFileReference; lastKnownFileType = text.plist.strings; name = "zh-Hans"; path = "zh-Hans.lproj/Localizable.strings"; sourceTree = "<group>"; };
		F3AD2CE22361A8CF00558765 /* en */ = {isa = PBXFileReference; lastKnownFileType = text.plist.strings; name = en; path = en.lproj/Localizable.strings; sourceTree = "<group>"; };
		F3BF7E69223A8AE10043F2CB /* Special.strings */ = {isa = PBXFileReference; lastKnownFileType = text.plist.strings; path = Special.strings; sourceTree = "<group>"; };
		F3C4FA7C222FBB9B00280EF4 /* LocalizationProviderDeletingTests.swift */ = {isa = PBXFileReference; lastKnownFileType = sourcecode.swift; path = LocalizationProviderDeletingTests.swift; sourceTree = "<group>"; };
		F3C5BF242299529D001BC8FB /* Credits.rtf */ = {isa = PBXFileReference; lastKnownFileType = text.rtf; path = Credits.rtf; sourceTree = "<group>"; };
		F3D9C94220BEC7460081830A /* LocalizationEditor.app */ = {isa = PBXFileReference; explicitFileType = wrapper.application; includeInIndex = 0; path = LocalizationEditor.app; sourceTree = BUILT_PRODUCTS_DIR; };
		F3D9C94520BEC7460081830A /* AppDelegate.swift */ = {isa = PBXFileReference; lastKnownFileType = sourcecode.swift; path = AppDelegate.swift; sourceTree = "<group>"; };
		F3D9C94720BEC7460081830A /* ViewController.swift */ = {isa = PBXFileReference; lastKnownFileType = sourcecode.swift; path = ViewController.swift; sourceTree = "<group>"; };
		F3D9C94920BEC7460081830A /* Assets.xcassets */ = {isa = PBXFileReference; lastKnownFileType = folder.assetcatalog; path = Assets.xcassets; sourceTree = "<group>"; };
		F3D9C94C20BEC7460081830A /* Base */ = {isa = PBXFileReference; lastKnownFileType = file.storyboard; name = Base; path = Base.lproj/Main.storyboard; sourceTree = "<group>"; };
		F3D9C94E20BEC7460081830A /* Info.plist */ = {isa = PBXFileReference; lastKnownFileType = text.plist.xml; path = Info.plist; sourceTree = "<group>"; };
		F3D9C94F20BEC7460081830A /* LocalizationEditor.entitlements */ = {isa = PBXFileReference; lastKnownFileType = text.plist.entitlements; path = LocalizationEditor.entitlements; sourceTree = "<group>"; };
		F3D9C95620BEC9F10081830A /* LocalizationString.swift */ = {isa = PBXFileReference; lastKnownFileType = sourcecode.swift; path = LocalizationString.swift; sourceTree = "<group>"; };
		F3D9C95820BECA270081830A /* Localization.swift */ = {isa = PBXFileReference; lastKnownFileType = sourcecode.swift; path = Localization.swift; sourceTree = "<group>"; };
		F3D9C95B20BECDBF0081830A /* LocalizationProvider.swift */ = {isa = PBXFileReference; lastKnownFileType = sourcecode.swift; path = LocalizationProvider.swift; sourceTree = "<group>"; };
		F3D9C96020BEDD0B0081830A /* LocalizationCell.swift */ = {isa = PBXFileReference; lastKnownFileType = sourcecode.swift; path = LocalizationCell.swift; sourceTree = "<group>"; };
		F3D9C96220BEDDE20081830A /* LocalizationCell.xib */ = {isa = PBXFileReference; lastKnownFileType = file.xib; path = LocalizationCell.xib; sourceTree = "<group>"; };
		F3D9C96420BEDF580081830A /* KeyCell.xib */ = {isa = PBXFileReference; lastKnownFileType = file.xib; path = KeyCell.xib; sourceTree = "<group>"; };
		F3D9C96620BEDF640081830A /* KeyCell.swift */ = {isa = PBXFileReference; lastKnownFileType = sourcecode.swift; path = KeyCell.swift; sourceTree = "<group>"; };
		F3D9C96D20BEEAA10081830A /* LocalizationsDataSource.swift */ = {isa = PBXFileReference; lastKnownFileType = sourcecode.swift; path = LocalizationsDataSource.swift; sourceTree = "<group>"; };
		F3D9C97020BEF0740081830A /* Files.framework */ = {isa = PBXFileReference; lastKnownFileType = wrapper.framework; name = Files.framework; path = Carthage/Build/Mac/Files.framework; sourceTree = "<group>"; };
		F3DBD1842456CD54003D0BCC /* de */ = {isa = PBXFileReference; lastKnownFileType = text.plist.strings; name = de; path = de.lproj/Localizable.strings; sourceTree = "<group>"; };
		F3DBD1852456CD7D003D0BCC /* hr */ = {isa = PBXFileReference; lastKnownFileType = text.plist.strings; name = hr; path = hr.lproj/Localizable.strings; sourceTree = "<group>"; };
		F3DF02CB21C65F6800CEC6B6 /* LocalizationEditorTests.xctest */ = {isa = PBXFileReference; explicitFileType = wrapper.cfbundle; includeInIndex = 0; path = LocalizationEditorTests.xctest; sourceTree = BUILT_PRODUCTS_DIR; };
		F3DF02CD21C65F6800CEC6B6 /* LocalizationProviderParsingTests.swift */ = {isa = PBXFileReference; lastKnownFileType = sourcecode.swift; path = LocalizationProviderParsingTests.swift; sourceTree = "<group>"; };
		F3DF02CF21C65F6800CEC6B6 /* Info.plist */ = {isa = PBXFileReference; lastKnownFileType = text.plist.xml; path = Info.plist; sourceTree = "<group>"; };
		F3DF02DF21C6633500CEC6B6 /* LocalizableStrings-en.strings */ = {isa = PBXFileReference; lastKnownFileType = text.plist.strings; path = "LocalizableStrings-en.strings"; sourceTree = "<group>"; };
		F3DF02E121C6634B00CEC6B6 /* LocalizableStrings-sk.strings */ = {isa = PBXFileReference; lastKnownFileType = text.plist.strings; path = "LocalizableStrings-sk.strings"; sourceTree = "<group>"; };
		F3DF02E321C6654900CEC6B6 /* TestFile.swift */ = {isa = PBXFileReference; lastKnownFileType = sourcecode.swift; path = TestFile.swift; sourceTree = "<group>"; };
		F3DF02E521C6675000CEC6B6 /* LocalizableStrings-sk-missing.strings */ = {isa = PBXFileReference; lastKnownFileType = text.plist.strings; path = "LocalizableStrings-sk-missing.strings"; sourceTree = "<group>"; };
		F3DF02E721C668B600CEC6B6 /* InfoPList-en.strings */ = {isa = PBXFileReference; lastKnownFileType = text.plist.strings; path = "InfoPList-en.strings"; sourceTree = "<group>"; };
		F3DF02E921C668C400CEC6B6 /* InfoPList-sk.strings */ = {isa = PBXFileReference; lastKnownFileType = text.plist.strings; path = "InfoPList-sk.strings"; sourceTree = "<group>"; };
		F3DF02EB21C66C1000CEC6B6 /* LoalizationProviderUpdatingTests.swift */ = {isa = PBXFileReference; lastKnownFileType = sourcecode.swift; path = LoalizationProviderUpdatingTests.swift; sourceTree = "<group>"; };
		F3DF02EE21C66C3800CEC6B6 /* XCTestCase+Extensions.swift */ = {isa = PBXFileReference; lastKnownFileType = sourcecode.swift; path = "XCTestCase+Extensions.swift"; sourceTree = "<group>"; };
		F3EF22062209D650000E8C80 /* String+Extensions.swift */ = {isa = PBXFileReference; lastKnownFileType = sourcecode.swift; path = "String+Extensions.swift"; sourceTree = "<group>"; };
/* End PBXFileReference section */

/* Begin PBXFrameworksBuildPhase section */
		F3D9C93F20BEC7460081830A /* Frameworks */ = {
			isa = PBXFrameworksBuildPhase;
			buildActionMask = 2147483647;
			files = (
			);
			runOnlyForDeploymentPostprocessing = 0;
		};
		F3DF02C821C65F6800CEC6B6 /* Frameworks */ = {
			isa = PBXFrameworksBuildPhase;
			buildActionMask = 2147483647;
			files = (
			);
			runOnlyForDeploymentPostprocessing = 0;
		};
/* End PBXFrameworksBuildPhase section */

/* Begin PBXGroup section */
		377E9BF426FCE5A300F2BE73 /* Services */ = {
			isa = PBXGroup;
			children = (
				377E9BF226FCB70D00F2BE73 /* AutoTranslator.swift */,
				377E9BF526FCE5B400F2BE73 /* GoogleTranslator.swift */,
				377E9BF726FCE61400F2BE73 /* Translator.swift */,
			);
			path = Services;
			sourceTree = "<group>";
		};
		F3AD2CDF2361A8CF00558765 /* Resources */ = {
			isa = PBXGroup;
			children = (
				F3AD2CE02361A8CF00558765 /* Localizable.strings */,
			);
			path = Resources;
			sourceTree = "<group>";
		};
		F3D9C93920BEC7460081830A = {
			isa = PBXGroup;
			children = (
				F3D9C94420BEC7460081830A /* LocalizationEditor */,
				F3DF02CC21C65F6800CEC6B6 /* LocalizationEditorTests */,
				F3D9C94320BEC7460081830A /* Products */,
				F3D9C96F20BEF0730081830A /* Frameworks */,
			);
			sourceTree = "<group>";
		};
		F3D9C94320BEC7460081830A /* Products */ = {
			isa = PBXGroup;
			children = (
				F3D9C94220BEC7460081830A /* LocalizationEditor.app */,
				F3DF02CB21C65F6800CEC6B6 /* LocalizationEditorTests.xctest */,
			);
			name = Products;
			sourceTree = "<group>";
		};
		F3D9C94420BEC7460081830A /* LocalizationEditor */ = {
			isa = PBXGroup;
			children = (
				377E9BF426FCE5A300F2BE73 /* Services */,
				F3FC1F8E21DCB9AA00C936E8 /* Extensions */,
				F3D9C95520BEC9E30081830A /* Models */,
				F3D9C95A20BECDB20081830A /* Providers */,
				F3AD2CDF2361A8CF00558765 /* Resources */,
				F3D9C96C20BEEA2F0081830A /* UI */,
				F3D9C94520BEC7460081830A /* AppDelegate.swift */,
				F3D9C94920BEC7460081830A /* Assets.xcassets */,
				F3D9C94E20BEC7460081830A /* Info.plist */,
				F3D9C94F20BEC7460081830A /* LocalizationEditor.entitlements */,
				F3C5BF242299529D001BC8FB /* Credits.rtf */,
			);
			path = LocalizationEditor;
			sourceTree = "<group>";
		};
		F3D9C95520BEC9E30081830A /* Models */ = {
			isa = PBXGroup;
			children = (
				172274D320D933970036EA4E /* LocalizationGroup.swift */,
				F3D9C95620BEC9F10081830A /* LocalizationString.swift */,
				F3D9C95820BECA270081830A /* Localization.swift */,
				F31FA2062231025C00E20A3F /* Flag.swift */,
			);
			path = Models;
			sourceTree = "<group>";
		};
		F3D9C95A20BECDB20081830A /* Providers */ = {
			isa = PBXGroup;
			children = (
				F3D9C95B20BECDBF0081830A /* LocalizationProvider.swift */,
				F3D9C96D20BEEAA10081830A /* LocalizationsDataSource.swift */,
				A15A5A4121D908C400D3C791 /* Parser.swift */,
				A15A5A4821DA249400D3C791 /* ParserTypes.swift */,
			);
			path = Providers;
			sourceTree = "<group>";
		};
		F3D9C95F20BEDCFC0081830A /* Cells */ = {
			isa = PBXGroup;
			children = (
				F3261F63222EA955006838C3 /* ActionsCell.swift */,
				F3261F65222EA9BF006838C3 /* ActionsCell.xib */,
				F3D9C96620BEDF640081830A /* KeyCell.swift */,
				F3D9C96420BEDF580081830A /* KeyCell.xib */,
				F3D9C96020BEDD0B0081830A /* LocalizationCell.swift */,
				F3D9C96220BEDDE20081830A /* LocalizationCell.xib */,
			);
			path = Cells;
			sourceTree = "<group>";
		};
		F3D9C96C20BEEA2F0081830A /* UI */ = {
			isa = PBXGroup;
			children = (
				F3D9C95F20BEDCFC0081830A /* Cells */,
				F3D9C94B20BEC7460081830A /* Main.storyboard */,
				F3960616223A4084006C7B16 /* AddViewController.swift */,
				F3D9C94720BEC7460081830A /* ViewController.swift */,
				F3261F73222ED5FF006838C3 /* WindowController.swift */,
			);
			path = UI;
			sourceTree = "<group>";
		};
		F3D9C96F20BEF0730081830A /* Frameworks */ = {
			isa = PBXGroup;
			children = (
				F3D9C97020BEF0740081830A /* Files.framework */,
			);
			name = Frameworks;
			sourceTree = "<group>";
		};
		F3DF02CC21C65F6800CEC6B6 /* LocalizationEditorTests */ = {
			isa = PBXGroup;
			children = (
				F3DF02D621C65F8300CEC6B6 /* Data */,
				F3DF02ED21C66C2500CEC6B6 /* Extensions */,
				F3DF02CD21C65F6800CEC6B6 /* LocalizationProviderParsingTests.swift */,
				A15A5A4521D90AC600D3C791 /* ParserIsolationTests.swift */,
				F396061D223A5B5A006C7B16 /* LocalizationProviderAddingTests.swift */,
				F3C4FA7C222FBB9B00280EF4 /* LocalizationProviderDeletingTests.swift */,
				F3DF02EB21C66C1000CEC6B6 /* LoalizationProviderUpdatingTests.swift */,
				F3DF02CF21C65F6800CEC6B6 /* Info.plist */,
				F3DF02E321C6654900CEC6B6 /* TestFile.swift */,
			);
			path = LocalizationEditorTests;
			sourceTree = "<group>";
		};
		F3DF02D621C65F8300CEC6B6 /* Data */ = {
			isa = PBXGroup;
			children = (
				F3DF02E721C668B600CEC6B6 /* InfoPList-en.strings */,
				F3DF02E921C668C400CEC6B6 /* InfoPList-sk.strings */,
				A117B6AC21D0FFC0008F10E4 /* LocalizableStrings-en-with-complete-messages.strings */,
				A117B6AE21D10060008F10E4 /* LocalizableStrings-en-with-incomplete-messages.strings */,
				F3DF02DF21C6633500CEC6B6 /* LocalizableStrings-en.strings */,
				F3DF02E521C6675000CEC6B6 /* LocalizableStrings-sk-missing.strings */,
				F3DF02E121C6634B00CEC6B6 /* LocalizableStrings-sk.strings */,
				F3BF7E69223A8AE10043F2CB /* Special.strings */,
			);
			path = Data;
			sourceTree = "<group>";
		};
		F3DF02ED21C66C2500CEC6B6 /* Extensions */ = {
			isa = PBXGroup;
			children = (
				F3DF02EE21C66C3800CEC6B6 /* XCTestCase+Extensions.swift */,
			);
			path = Extensions;
			sourceTree = "<group>";
		};
		F3FC1F8E21DCB9AA00C936E8 /* Extensions */ = {
			isa = PBXGroup;
			children = (
				F3A5ABB7220448690077460D /* FileManager+Extension.swift */,
				F3EF22062209D650000E8C80 /* String+Extensions.swift */,
				F3AD2CD3236190F400558765 /* NSView+Localization.swift */,
			);
			path = Extensions;
			sourceTree = "<group>";
		};
/* End PBXGroup section */

/* Begin PBXNativeTarget section */
		F3D9C94120BEC7460081830A /* LocalizationEditor */ = {
			isa = PBXNativeTarget;
			buildConfigurationList = F3D9C95220BEC7460081830A /* Build configuration list for PBXNativeTarget "LocalizationEditor" */;
			buildPhases = (
				F3EF22082209F25F000E8C80 /* Build number */,
				F3BC11A421C40FAC001F396F /* SwiftLint */,
				F3D9C93E20BEC7460081830A /* Sources */,
				F3D9C93F20BEC7460081830A /* Frameworks */,
				F3D9C94020BEC7460081830A /* Resources */,
				F3D9C97520BEF0A50081830A /* Embed Frameworks */,
				F3EA77C421AEB45000337B3B /* CopyFiles */,
			);
			buildRules = (
			);
			dependencies = (
			);
			name = LocalizationEditor;
			productName = LocalizationEditor;
			productReference = F3D9C94220BEC7460081830A /* LocalizationEditor.app */;
			productType = "com.apple.product-type.application";
		};
		F3DF02CA21C65F6800CEC6B6 /* LocalizationEditorTests */ = {
			isa = PBXNativeTarget;
			buildConfigurationList = F3DF02D421C65F6800CEC6B6 /* Build configuration list for PBXNativeTarget "LocalizationEditorTests" */;
			buildPhases = (
				F3DF02C721C65F6800CEC6B6 /* Sources */,
				F3DF02C821C65F6800CEC6B6 /* Frameworks */,
				F3DF02C921C65F6800CEC6B6 /* Resources */,
			);
			buildRules = (
			);
			dependencies = (
				F3DF02D121C65F6800CEC6B6 /* PBXTargetDependency */,
			);
			name = LocalizationEditorTests;
			productName = LocalizationEditorTests;
			productReference = F3DF02CB21C65F6800CEC6B6 /* LocalizationEditorTests.xctest */;
			productType = "com.apple.product-type.bundle.unit-test";
		};
/* End PBXNativeTarget section */

/* Begin PBXProject section */
		F3D9C93A20BEC7460081830A /* Project object */ = {
			isa = PBXProject;
			attributes = {
				LastSwiftUpdateCheck = 1010;
				LastUpgradeCheck = 1110;
				ORGANIZATIONNAME = "Igor Kulman";
				TargetAttributes = {
					F3D9C94120BEC7460081830A = {
						CreatedOnToolsVersion = 9.2;
						LastSwiftMigration = 1020;
						ProvisioningStyle = Automatic;
					};
					F3DF02CA21C65F6800CEC6B6 = {
						CreatedOnToolsVersion = 10.1;
						LastSwiftMigration = 1020;
						ProvisioningStyle = Automatic;
						TestTargetID = F3D9C94120BEC7460081830A;
					};
				};
			};
			buildConfigurationList = F3D9C93D20BEC7460081830A /* Build configuration list for PBXProject "LocalizationEditor" */;
			compatibilityVersion = "Xcode 8.0";
			developmentRegion = en;
			hasScannedForEncodings = 0;
			knownRegions = (
				en,
				Base,
				"zh-Hans",
				de,
				hr,
				ru,
				es,
				"zh-Hant",
			);
			mainGroup = F3D9C93920BEC7460081830A;
			productRefGroup = F3D9C94320BEC7460081830A /* Products */;
			projectDirPath = "";
			projectRoot = "";
			targets = (
				F3D9C94120BEC7460081830A /* LocalizationEditor */,
				F3DF02CA21C65F6800CEC6B6 /* LocalizationEditorTests */,
			);
		};
/* End PBXProject section */

/* Begin PBXResourcesBuildPhase section */
		F3D9C94020BEC7460081830A /* Resources */ = {
			isa = PBXResourcesBuildPhase;
			buildActionMask = 2147483647;
			files = (
				F3D9C96320BEDDE20081830A /* LocalizationCell.xib in Resources */,
				F3C5BF252299529D001BC8FB /* Credits.rtf in Resources */,
				F3D9C96520BEDF580081830A /* KeyCell.xib in Resources */,
				F3AD2CE32361A8CF00558765 /* Localizable.strings in Resources */,
				F3D9C94A20BEC7460081830A /* Assets.xcassets in Resources */,
				F3261F66222EA9BF006838C3 /* ActionsCell.xib in Resources */,
				F3D9C94D20BEC7460081830A /* Main.storyboard in Resources */,
			);
			runOnlyForDeploymentPostprocessing = 0;
		};
		F3DF02C921C65F6800CEC6B6 /* Resources */ = {
			isa = PBXResourcesBuildPhase;
			buildActionMask = 2147483647;
			files = (
				F3BF7E6A223A8AE10043F2CB /* Special.strings in Resources */,
				F3DF02EA21C668C400CEC6B6 /* InfoPList-sk.strings in Resources */,
				F3DF02E821C668B600CEC6B6 /* InfoPList-en.strings in Resources */,
				F3DF02E621C6675000CEC6B6 /* LocalizableStrings-sk-missing.strings in Resources */,
				A117B6AD21D0FFC6008F10E4 /* LocalizableStrings-en-with-complete-messages.strings in Resources */,
				F3DF02E221C6634B00CEC6B6 /* LocalizableStrings-sk.strings in Resources */,
				F3DF02E021C6633500CEC6B6 /* LocalizableStrings-en.strings in Resources */,
				A117B6AF21D10060008F10E4 /* LocalizableStrings-en-with-incomplete-messages.strings in Resources */,
			);
			runOnlyForDeploymentPostprocessing = 0;
		};
/* End PBXResourcesBuildPhase section */

/* Begin PBXShellScriptBuildPhase section */
		F3BC11A421C40FAC001F396F /* SwiftLint */ = {
			isa = PBXShellScriptBuildPhase;
			buildActionMask = 2147483647;
			files = (
			);
			inputFileListPaths = (
			);
			inputPaths = (
			);
			name = SwiftLint;
			outputFileListPaths = (
			);
			outputPaths = (
			);
			runOnlyForDeploymentPostprocessing = 0;
			shellPath = /bin/sh;
			shellScript = "if which swiftlint >/dev/null; then\nswiftlint\nelse\necho \"warning: SwiftLint not installed, download from https://github.com/realm/SwiftLint\"\nfi\n";
		};
		F3EF22082209F25F000E8C80 /* Build number */ = {
			isa = PBXShellScriptBuildPhase;
			buildActionMask = 2147483647;
			files = (
			);
			inputFileListPaths = (
			);
			inputPaths = (
			);
			name = "Build number";
			outputFileListPaths = (
			);
			outputPaths = (
			);
			runOnlyForDeploymentPostprocessing = 0;
			shellPath = /bin/sh;
			shellScript = "# Type a script or drag a script file from your workspace to insert its path.\nif [ \"${CONFIGURATION}\" = \"Release\" ]; then\nbuildNumber=$(git rev-list HEAD | wc -l | tr -d ' ')\n/usr/libexec/PlistBuddy -c \"Set :CFBundleVersion $buildNumber\" \"${PROJECT_DIR}/${INFOPLIST_FILE}\"\nfi\n";
		};
/* End PBXShellScriptBuildPhase section */

/* Begin PBXSourcesBuildPhase section */
		F3D9C93E20BEC7460081830A /* Sources */ = {
			isa = PBXSourcesBuildPhase;
			buildActionMask = 2147483647;
			files = (
				A15A5A4921DA249400D3C791 /* ParserTypes.swift in Sources */,
				F3D9C94820BEC7460081830A /* ViewController.swift in Sources */,
				F3960617223A4084006C7B16 /* AddViewController.swift in Sources */,
				F3D9C96720BEDF640081830A /* KeyCell.swift in Sources */,
				A15A5A4221D908C400D3C791 /* Parser.swift in Sources */,
				F3A5ABB8220448690077460D /* FileManager+Extension.swift in Sources */,
				F3AD2CD4236190F400558765 /* NSView+Localization.swift in Sources */,
				F3D9C95720BEC9F10081830A /* LocalizationString.swift in Sources */,
				377E9BF626FCE5B400F2BE73 /* GoogleTranslator.swift in Sources */,
				172274D420D933970036EA4E /* LocalizationGroup.swift in Sources */,
				F3D9C95C20BECDBF0081830A /* LocalizationProvider.swift in Sources */,
				F3EF22072209D650000E8C80 /* String+Extensions.swift in Sources */,
				F3D9C96E20BEEAA10081830A /* LocalizationsDataSource.swift in Sources */,
				377E9BF826FCE61400F2BE73 /* Translator.swift in Sources */,
				F3261F74222ED5FF006838C3 /* WindowController.swift in Sources */,
				377E9BF326FCB70D00F2BE73 /* AutoTranslator.swift in Sources */,
				F31FA2072231025C00E20A3F /* Flag.swift in Sources */,
				F3D9C95920BECA270081830A /* Localization.swift in Sources */,
				F3261F64222EA955006838C3 /* ActionsCell.swift in Sources */,
				F3D9C96120BEDD0B0081830A /* LocalizationCell.swift in Sources */,
				F3D9C94620BEC7460081830A /* AppDelegate.swift in Sources */,
			);
			runOnlyForDeploymentPostprocessing = 0;
		};
		F3DF02C721C65F6800CEC6B6 /* Sources */ = {
			isa = PBXSourcesBuildPhase;
			buildActionMask = 2147483647;
			files = (
				A15A5A4721D90AC600D3C791 /* ParserIsolationTests.swift in Sources */,
				F3C4FA7D222FBB9B00280EF4 /* LocalizationProviderDeletingTests.swift in Sources */,
				F396061E223A5B5A006C7B16 /* LocalizationProviderAddingTests.swift in Sources */,
				F3DF02EF21C66C3800CEC6B6 /* XCTestCase+Extensions.swift in Sources */,
				F3DF02CE21C65F6800CEC6B6 /* LocalizationProviderParsingTests.swift in Sources */,
				F3DF02EC21C66C1000CEC6B6 /* LoalizationProviderUpdatingTests.swift in Sources */,
				F3DF02E421C6654900CEC6B6 /* TestFile.swift in Sources */,
			);
			runOnlyForDeploymentPostprocessing = 0;
		};
/* End PBXSourcesBuildPhase section */

/* Begin PBXTargetDependency section */
		F3DF02D121C65F6800CEC6B6 /* PBXTargetDependency */ = {
			isa = PBXTargetDependency;
			target = F3D9C94120BEC7460081830A /* LocalizationEditor */;
			targetProxy = F3DF02D021C65F6800CEC6B6 /* PBXContainerItemProxy */;
		};
/* End PBXTargetDependency section */

/* Begin PBXVariantGroup section */
		F3AD2CE02361A8CF00558765 /* Localizable.strings */ = {
			isa = PBXVariantGroup;
			children = (
				F3AD2CE12361A8CF00558765 /* zh-Hans */,
				F3AD2CE22361A8CF00558765 /* en */,
				F3DBD1842456CD54003D0BCC /* de */,
				F3DBD1852456CD7D003D0BCC /* hr */,
				526D844525529105008BCD4B /* ru */,
				E9CD53DA255B27AD0054EF79 /* es */,
				E0A395E526088744000189F7 /* zh-Hant */,
			);
			name = Localizable.strings;
			sourceTree = "<group>";
		};
		F3D9C94B20BEC7460081830A /* Main.storyboard */ = {
			isa = PBXVariantGroup;
			children = (
				F3D9C94C20BEC7460081830A /* Base */,
			);
			name = Main.storyboard;
			sourceTree = "<group>";
		};
/* End PBXVariantGroup section */

/* Begin XCBuildConfiguration section */
		F3D9C95020BEC7460081830A /* Debug */ = {
			isa = XCBuildConfiguration;
			buildSettings = {
				ALWAYS_SEARCH_USER_PATHS = NO;
				CLANG_ANALYZER_LOCALIZABILITY_NONLOCALIZED = YES;
				CLANG_ANALYZER_NONNULL = YES;
				CLANG_ANALYZER_NUMBER_OBJECT_CONVERSION = YES_AGGRESSIVE;
				CLANG_CXX_LANGUAGE_STANDARD = "gnu++14";
				CLANG_CXX_LIBRARY = "libc++";
				CLANG_ENABLE_MODULES = YES;
				CLANG_ENABLE_OBJC_ARC = YES;
				CLANG_WARN_BLOCK_CAPTURE_AUTORELEASING = YES;
				CLANG_WARN_BOOL_CONVERSION = YES;
				CLANG_WARN_COMMA = YES;
				CLANG_WARN_CONSTANT_CONVERSION = YES;
				CLANG_WARN_DEPRECATED_OBJC_IMPLEMENTATIONS = YES;
				CLANG_WARN_DIRECT_OBJC_ISA_USAGE = YES_ERROR;
				CLANG_WARN_DOCUMENTATION_COMMENTS = YES;
				CLANG_WARN_EMPTY_BODY = YES;
				CLANG_WARN_ENUM_CONVERSION = YES;
				CLANG_WARN_INFINITE_RECURSION = YES;
				CLANG_WARN_INT_CONVERSION = YES;
				CLANG_WARN_NON_LITERAL_NULL_CONVERSION = YES;
				CLANG_WARN_OBJC_IMPLICIT_RETAIN_SELF = YES;
				CLANG_WARN_OBJC_LITERAL_CONVERSION = YES;
				CLANG_WARN_OBJC_ROOT_CLASS = YES_ERROR;
				CLANG_WARN_RANGE_LOOP_ANALYSIS = YES;
				CLANG_WARN_STRICT_PROTOTYPES = YES;
				CLANG_WARN_SUSPICIOUS_MOVE = YES;
				CLANG_WARN_UNGUARDED_AVAILABILITY = YES_AGGRESSIVE;
				CLANG_WARN_UNREACHABLE_CODE = YES;
				CLANG_WARN__DUPLICATE_METHOD_MATCH = YES;
				CODE_SIGN_IDENTITY = "-";
				COPY_PHASE_STRIP = NO;
				DEBUG_INFORMATION_FORMAT = dwarf;
				ENABLE_STRICT_OBJC_MSGSEND = YES;
				ENABLE_TESTABILITY = YES;
				GCC_C_LANGUAGE_STANDARD = gnu11;
				GCC_DYNAMIC_NO_PIC = NO;
				GCC_NO_COMMON_BLOCKS = YES;
				GCC_OPTIMIZATION_LEVEL = 0;
				GCC_PREPROCESSOR_DEFINITIONS = (
					"DEBUG=1",
					"$(inherited)",
				);
				GCC_WARN_64_TO_32_BIT_CONVERSION = YES;
				GCC_WARN_ABOUT_RETURN_TYPE = YES_ERROR;
				GCC_WARN_UNDECLARED_SELECTOR = YES;
				GCC_WARN_UNINITIALIZED_AUTOS = YES_AGGRESSIVE;
				GCC_WARN_UNUSED_FUNCTION = YES;
				GCC_WARN_UNUSED_VARIABLE = YES;
				MACOSX_DEPLOYMENT_TARGET = 10.13;
				MTL_ENABLE_DEBUG_INFO = YES;
				ONLY_ACTIVE_ARCH = YES;
				SDKROOT = macosx;
				SWIFT_ACTIVE_COMPILATION_CONDITIONS = DEBUG;
				SWIFT_OPTIMIZATION_LEVEL = "-Onone";
			};
			name = Debug;
		};
		F3D9C95120BEC7460081830A /* Release */ = {
			isa = XCBuildConfiguration;
			buildSettings = {
				ALWAYS_SEARCH_USER_PATHS = NO;
				CLANG_ANALYZER_LOCALIZABILITY_NONLOCALIZED = YES;
				CLANG_ANALYZER_NONNULL = YES;
				CLANG_ANALYZER_NUMBER_OBJECT_CONVERSION = YES_AGGRESSIVE;
				CLANG_CXX_LANGUAGE_STANDARD = "gnu++14";
				CLANG_CXX_LIBRARY = "libc++";
				CLANG_ENABLE_MODULES = YES;
				CLANG_ENABLE_OBJC_ARC = YES;
				CLANG_WARN_BLOCK_CAPTURE_AUTORELEASING = YES;
				CLANG_WARN_BOOL_CONVERSION = YES;
				CLANG_WARN_COMMA = YES;
				CLANG_WARN_CONSTANT_CONVERSION = YES;
				CLANG_WARN_DEPRECATED_OBJC_IMPLEMENTATIONS = YES;
				CLANG_WARN_DIRECT_OBJC_ISA_USAGE = YES_ERROR;
				CLANG_WARN_DOCUMENTATION_COMMENTS = YES;
				CLANG_WARN_EMPTY_BODY = YES;
				CLANG_WARN_ENUM_CONVERSION = YES;
				CLANG_WARN_INFINITE_RECURSION = YES;
				CLANG_WARN_INT_CONVERSION = YES;
				CLANG_WARN_NON_LITERAL_NULL_CONVERSION = YES;
				CLANG_WARN_OBJC_IMPLICIT_RETAIN_SELF = YES;
				CLANG_WARN_OBJC_LITERAL_CONVERSION = YES;
				CLANG_WARN_OBJC_ROOT_CLASS = YES_ERROR;
				CLANG_WARN_RANGE_LOOP_ANALYSIS = YES;
				CLANG_WARN_STRICT_PROTOTYPES = YES;
				CLANG_WARN_SUSPICIOUS_MOVE = YES;
				CLANG_WARN_UNGUARDED_AVAILABILITY = YES_AGGRESSIVE;
				CLANG_WARN_UNREACHABLE_CODE = YES;
				CLANG_WARN__DUPLICATE_METHOD_MATCH = YES;
				CODE_SIGN_IDENTITY = "-";
				COPY_PHASE_STRIP = NO;
				DEBUG_INFORMATION_FORMAT = "dwarf-with-dsym";
				ENABLE_NS_ASSERTIONS = NO;
				ENABLE_STRICT_OBJC_MSGSEND = YES;
				GCC_C_LANGUAGE_STANDARD = gnu11;
				GCC_NO_COMMON_BLOCKS = YES;
				GCC_WARN_64_TO_32_BIT_CONVERSION = YES;
				GCC_WARN_ABOUT_RETURN_TYPE = YES_ERROR;
				GCC_WARN_UNDECLARED_SELECTOR = YES;
				GCC_WARN_UNINITIALIZED_AUTOS = YES_AGGRESSIVE;
				GCC_WARN_UNUSED_FUNCTION = YES;
				GCC_WARN_UNUSED_VARIABLE = YES;
				MACOSX_DEPLOYMENT_TARGET = 10.13;
				MTL_ENABLE_DEBUG_INFO = NO;
				SDKROOT = macosx;
				SWIFT_OPTIMIZATION_LEVEL = "-Owholemodule";
			};
			name = Release;
		};
		F3D9C95320BEC7460081830A /* Debug */ = {
			isa = XCBuildConfiguration;
			buildSettings = {
				ASSETCATALOG_COMPILER_APPICON_NAME = AppIcon;
				CODE_SIGN_ENTITLEMENTS = LocalizationEditor/LocalizationEditor.entitlements;
				CODE_SIGN_IDENTITY = "-";
				CODE_SIGN_STYLE = Automatic;
				COMBINE_HIDPI_IMAGES = YES;
				DEVELOPMENT_TEAM = "";
				FRAMEWORK_SEARCH_PATHS = "$(inherited)";
				INFOPLIST_FILE = LocalizationEditor/Info.plist;
				LD_RUNPATH_SEARCH_PATHS = "$(inherited) @executable_path/../Frameworks";
				MARKETING_VERSION = 2.8;
				PRODUCT_BUNDLE_IDENTIFIER = sk.kulman.LocalizationEditor;
				PRODUCT_NAME = "$(TARGET_NAME)";
				SWIFT_VERSION = 5.0;
			};
			name = Debug;
		};
		F3D9C95420BEC7460081830A /* Release */ = {
			isa = XCBuildConfiguration;
			buildSettings = {
				ASSETCATALOG_COMPILER_APPICON_NAME = AppIcon;
				CODE_SIGN_ENTITLEMENTS = LocalizationEditor/LocalizationEditor.entitlements;
				CODE_SIGN_IDENTITY = "-";
				CODE_SIGN_STYLE = Automatic;
				COMBINE_HIDPI_IMAGES = YES;
				DEVELOPMENT_TEAM = "";
				FRAMEWORK_SEARCH_PATHS = "$(inherited)";
				INFOPLIST_FILE = LocalizationEditor/Info.plist;
				LD_RUNPATH_SEARCH_PATHS = "$(inherited) @executable_path/../Frameworks";
				MARKETING_VERSION = 2.8;
				PRODUCT_BUNDLE_IDENTIFIER = sk.kulman.LocalizationEditor;
				PRODUCT_NAME = "$(TARGET_NAME)";
				SWIFT_VERSION = 5.0;
			};
			name = Release;
		};
		F3DF02D221C65F6800CEC6B6 /* Debug */ = {
			isa = XCBuildConfiguration;
			buildSettings = {
				BUNDLE_LOADER = "$(TEST_HOST)";
				CLANG_ENABLE_OBJC_WEAK = YES;
				CODE_SIGN_STYLE = Automatic;
				COMBINE_HIDPI_IMAGES = YES;
				DEVELOPMENT_TEAM = S6EJ3ZVM4G;
				INFOPLIST_FILE = LocalizationEditorTests/Info.plist;
				LD_RUNPATH_SEARCH_PATHS = "$(inherited) @executable_path/../Frameworks @loader_path/../Frameworks";
				MTL_ENABLE_DEBUG_INFO = INCLUDE_SOURCE;
				MTL_FAST_MATH = YES;
				PRODUCT_BUNDLE_IDENTIFIER = sk.kulman.LocalizationEditorTests;
				PRODUCT_NAME = "$(TARGET_NAME)";
				SWIFT_VERSION = 5.0;
				TEST_HOST = "$(BUILT_PRODUCTS_DIR)/LocalizationEditor.app/Contents/MacOS/LocalizationEditor";
			};
			name = Debug;
		};
		F3DF02D321C65F6800CEC6B6 /* Release */ = {
			isa = XCBuildConfiguration;
			buildSettings = {
				BUNDLE_LOADER = "$(TEST_HOST)";
				CLANG_ENABLE_OBJC_WEAK = YES;
				CODE_SIGN_STYLE = Automatic;
				COMBINE_HIDPI_IMAGES = YES;
				DEVELOPMENT_TEAM = S6EJ3ZVM4G;
				INFOPLIST_FILE = LocalizationEditorTests/Info.plist;
				LD_RUNPATH_SEARCH_PATHS = "$(inherited) @executable_path/../Frameworks @loader_path/../Frameworks";
				MTL_FAST_MATH = YES;
				PRODUCT_BUNDLE_IDENTIFIER = sk.kulman.LocalizationEditorTests;
				PRODUCT_NAME = "$(TARGET_NAME)";
				SWIFT_VERSION = 5.0;
				TEST_HOST = "$(BUILT_PRODUCTS_DIR)/LocalizationEditor.app/Contents/MacOS/LocalizationEditor";
			};
			name = Release;
		};
/* End XCBuildConfiguration section */

/* Begin XCConfigurationList section */
		F3D9C93D20BEC7460081830A /* Build configuration list for PBXProject "LocalizationEditor" */ = {
			isa = XCConfigurationList;
			buildConfigurations = (
				F3D9C95020BEC7460081830A /* Debug */,
				F3D9C95120BEC7460081830A /* Release */,
			);
			defaultConfigurationIsVisible = 0;
			defaultConfigurationName = Release;
		};
		F3D9C95220BEC7460081830A /* Build configuration list for PBXNativeTarget "LocalizationEditor" */ = {
			isa = XCConfigurationList;
			buildConfigurations = (
				F3D9C95320BEC7460081830A /* Debug */,
				F3D9C95420BEC7460081830A /* Release */,
			);
			defaultConfigurationIsVisible = 0;
			defaultConfigurationName = Release;
		};
		F3DF02D421C65F6800CEC6B6 /* Build configuration list for PBXNativeTarget "LocalizationEditorTests" */ = {
			isa = XCConfigurationList;
			buildConfigurations = (
				F3DF02D221C65F6800CEC6B6 /* Debug */,
				F3DF02D321C65F6800CEC6B6 /* Release */,
			);
			defaultConfigurationIsVisible = 0;
			defaultConfigurationName = Release;
		};
/* End XCConfigurationList section */
	};
	rootObject = F3D9C93A20BEC7460081830A /* Project object */;
}
